
Microsoft Visual Studio Solution File, Format Version 12.00
# Visual Studio Version 16
VisualStudioVersion = 16.0.31911.196
MinimumVisualStudioVersion = 10.0.40219.1
Project("{FAE04EC0-301F-11D3-BF4B-00C04F79EFBC}") = "RaufHomework23.11", "RaufHomework23.11\RaufHomework23.11.csproj", "{B32CB57F-3544-4527-9685-E0A624EE809A}"
EndProject
Global
	GlobalSection(SolutionConfigurationPlatforms) = preSolution
		Debug|Any CPU = Debug|Any CPU
		Release|Any CPU = Release|Any CPU
	EndGlobalSection
	GlobalSection(ProjectConfigurationPlatforms) = postSolution
		{B32CB57F-3544-4527-9685-E0A624EE809A}.Debug|Any CPU.ActiveCfg = Debug|Any CPU
		{B32CB57F-3544-4527-9685-E0A624EE809A}.Debug|Any CPU.Build.0 = Debug|Any CPU
		{B32CB57F-3544-4527-9685-E0A624EE809A}.Release|Any CPU.ActiveCfg = Release|Any CPU
		{B32CB57F-3544-4527-9685-E0A624EE809A}.Release|Any CPU.Build.0 = Release|Any CPU
	EndGlobalSection
	GlobalSection(SolutionProperties) = preSolution
		HideSolutionNode = FALSE
	EndGlobalSection
	GlobalSection(ExtensibilityGlobals) = postSolution
		SolutionGuid = {B4D3A7CE-E26F-40CF-A35D-D3E18356922A}
	EndGlobalSection
EndGlobal
